
Microsoft Visual Studio Solution File, Format Version 12.00
# Visual Studio 15
VisualStudioVersion = 15.0.27703.2018
MinimumVisualStudioVersion = 10.0.40219.1
Project("{FAE04EC0-301F-11D3-BF4B-00C04F79EFBC}") = "AdjustablePredatorCount", "AdjustablePredatorCount\AdjustablePredatorCount.csproj", "{33B69168-7F8D-4967-A1DA-64C2D90B5CED}"
EndProject
Global
	GlobalSection(SolutionConfigurationPlatforms) = preSolution
		Debug|Any CPU = Debug|Any CPU
		Release|Any CPU = Release|Any CPU
	EndGlobalSection
	GlobalSection(ProjectConfigurationPlatforms) = postSolution
		{33B69168-7F8D-4967-A1DA-64C2D90B5CED}.Debug|Any CPU.ActiveCfg = Debug|Any CPU
		{33B69168-7F8D-4967-A1DA-64C2D90B5CED}.Debug|Any CPU.Build.0 = Debug|Any CPU
		{33B69168-7F8D-4967-A1DA-64C2D90B5CED}.Release|Any CPU.ActiveCfg = Release|Any CPU
		{33B69168-7F8D-4967-A1DA-64C2D90B5CED}.Release|Any CPU.Build.0 = Release|Any CPU
	EndGlobalSection
	GlobalSection(SolutionProperties) = preSolution
		HideSolutionNode = FALSE
	EndGlobalSection
	GlobalSection(ExtensibilityGlobals) = postSolution
		SolutionGuid = {B8E9D52A-F02E-4BD6-9984-52BCFD3F1429}
	EndGlobalSection
EndGlobal
